// !$*UTF8*$!
{
	archiveVersion = 1;
	classes = {
	};
	objectVersion = 54;
	objects = {

/* Begin PBXBuildFile section */
		03F1891A4F2B5623C247FDAB /* UserProfile_HeaderView.swift in Sources */ = {isa = PBXBuildFile; fileRef = 93D3DA0CCA8F85011B2312B1 /* UserProfile_HeaderView.swift */; };
		0753349E417C053D867CD21F /* ButtonSettingView.swift in Sources */ = {isa = PBXBuildFile; fileRef = 8FB686820B284103652731AE /* ButtonSettingView.swift */; };
		141AD0B28190F47AC9F207C1 /* ExperienceScreen.swift in Sources */ = {isa = PBXBuildFile; fileRef = AC62523174A36621A21428A8 /* ExperienceScreen.swift */; };
		1B2DEB7245C6DCB48B7C7AE3 /* EmailLoginButton.swift in Sources */ = {isa = PBXBuildFile; fileRef = CE94A7A42C31A805C7B9E043 /* EmailLoginButton.swift */; };
		22B66D4F00E86037D7AD0479 /* GetUserByID.swift in Sources */ = {isa = PBXBuildFile; fileRef = 843E7832D51AF34A76D1526E /* GetUserByID.swift */; };
		275EDEFD644DB7FED301D3BC /* CreateExperienceScreen.swift in Sources */ = {isa = PBXBuildFile; fileRef = 5ED991A0D0E220C3323B9096 /* CreateExperienceScreen.swift */; };
		2B38E2C81AAC6C363C179086 /* TripListView.swift in Sources */ = {isa = PBXBuildFile; fileRef = AB48538AB37FC62C55985542 /* TripListView.swift */; };
		2E2100B61A38DCC61E728389 /* experienceData.json in Resources */ = {isa = PBXBuildFile; fileRef = D1B4CB69D84DD4378EE6275F /* experienceData.json */; };
		2FC104BC0325C5E61AAB6C77 /* CreateTripScreen.swift in Sources */ = {isa = PBXBuildFile; fileRef = E863B940DD31E400D56FA84C /* CreateTripScreen.swift */; };
		32A10C5C1D0E9F464BD9D61F /* TripScreen.swift in Sources */ = {isa = PBXBuildFile; fileRef = 95753109620C58D42B396593 /* TripScreen.swift */; };
		33970C2C4FC60AE571AB7FA1 /* TripRowView.swift in Sources */ = {isa = PBXBuildFile; fileRef = 0D9A477ED766D05176F09A1A /* TripRowView.swift */; };
		3C159A578230A6E9F3A6B170 /* ExperienceListView.swift in Sources */ = {isa = PBXBuildFile; fileRef = 95B53AC1DFA1C37FD2650AF5 /* ExperienceListView.swift */; };
		3FE25D34DF881B0FD7F85290 /* DeleteUser.swift in Sources */ = {isa = PBXBuildFile; fileRef = 8A683D6EA0D55952FF624671 /* DeleteUser.swift */; };
		41CC9F10F4D51EBA1C3BB783 /* TripEditView.swift in Sources */ = {isa = PBXBuildFile; fileRef = 33CE8569AEE13D181BAAAAC5 /* TripEditView.swift */; };
		4386BC25E9366EBE425FDDBB /* ExperienceRowView.swift in Sources */ = {isa = PBXBuildFile; fileRef = D658378021A0CA995F13D210 /* ExperienceRowView.swift */; };
		43B8C6CAD68D56DA0EA84786 /* API.swift in Sources */ = {isa = PBXBuildFile; fileRef = C778728D103558695B681E4D /* API.swift */; };
		4B64BDED7F83F521E7537144 /* AuthController.swift in Sources */ = {isa = PBXBuildFile; fileRef = 05B4532C0D983B5975D6FF6E /* AuthController.swift */; };
		4C8FC6992E6C6DAB0223116A /* PublicProfileScreen.swift in Sources */ = {isa = PBXBuildFile; fileRef = 159EA6D81777DB77F7363C0B /* PublicProfileScreen.swift */; };
		4CCFF48A6BD6AB9F6EA501A0 /* SettingsScreen.swift in Sources */ = {isa = PBXBuildFile; fileRef = 0E17DA22FC474ACCA012498F /* SettingsScreen.swift */; };
		52A3FC3374F202BD96EF0B16 /* TripData.swift in Sources */ = {isa = PBXBuildFile; fileRef = 00E66AFCD602EE3E9EFBC07B /* TripData.swift */; };
		66EA955920BCBCF8CA48B612 /* LoginScreen.swift in Sources */ = {isa = PBXBuildFile; fileRef = 6EF00CD430AC70EBF23B3962 /* LoginScreen.swift */; };
		6AB54F8EC3BE2DEA165E7A52 /* UserProfile_InfoFieldView.swift in Sources */ = {isa = PBXBuildFile; fileRef = 977325233787A38EF0316236 /* UserProfile_InfoFieldView.swift */; };
		6B46749F4103D4096FCDE6F4 /* HomeScreen.swift in Sources */ = {isa = PBXBuildFile; fileRef = 7622A71E0FB9F0E4E9E6B015 /* HomeScreen.swift */; };
		7038FC6667DA324990A7D1D6 /* TripDetailView.swift in Sources */ = {isa = PBXBuildFile; fileRef = 09C9020693F9667106B78344 /* TripDetailView.swift */; };
		72709FBEC83B64B1CB47BDA4 /* AppleLoginButton.swift in Sources */ = {isa = PBXBuildFile; fileRef = 823B884054A84B085E1D96D4 /* AppleLoginButton.swift */; };
		75B02D83CE85E8B0D844D2D8 /* UserProfileModel.swift in Sources */ = {isa = PBXBuildFile; fileRef = EC49D9A8C6F77D35FCB122FF /* UserProfileModel.swift */; };
		7CB564A2CF255BC6D93E8DF1 /* TripExperienceView.swift in Sources */ = {isa = PBXBuildFile; fileRef = E2CA143D8DBEDA90D474CE98 /* TripExperienceView.swift */; };
		7F68E74D5213C7850F92CED0 /* TripsAPI.swift in Sources */ = {isa = PBXBuildFile; fileRef = 455EB2E417423C8120DF891A /* TripsAPI.swift */; };
		816F575BB41AC2050498D9F3 /* tripData.json in Resources */ = {isa = PBXBuildFile; fileRef = 550B26008229C85FB8E5A744 /* tripData.json */; };
		87B97A60E76AEEEFAE159047 /* ExperienceData.swift in Sources */ = {isa = PBXBuildFile; fileRef = 6B450251EFE7A3BDE40846B4 /* ExperienceData.swift */; };
		884D7D6ADD967890F80AF3B1 /* AuthScreen.swift in Sources */ = {isa = PBXBuildFile; fileRef = 4D0E696B9352AF409782442D /* AuthScreen.swift */; };
		9804F6646857D1B6D65A0893 /* Preview Assets.xcassets in Resources */ = {isa = PBXBuildFile; fileRef = B1F66E668DF74FF8A593321F /* Preview Assets.xcassets */; };
		98857172292C545937AB3A4B /* SettingItem.swift in Sources */ = {isa = PBXBuildFile; fileRef = 2F9FA068D0C49DA59B5A066B /* SettingItem.swift */; };
		9C55C22C5F276BE17CC368A4 /* ExperienceDetailView.swift in Sources */ = {isa = PBXBuildFile; fileRef = 8029547FBB72FAD944C826DC /* ExperienceDetailView.swift */; };
		A58C1DE919F16A68A7260109 /* Assets.xcassets in Resources */ = {isa = PBXBuildFile; fileRef = D907B91574F62840491F783B /* Assets.xcassets */; };
		A81E4B58B8560002C476AF5E /* ExperienceAPI.swift in Sources */ = {isa = PBXBuildFile; fileRef = 0794116FF9435E931F6D20F8 /* ExperienceAPI.swift */; };
		B21F7D174E53A53570A9F639 /* TripModel.swift in Sources */ = {isa = PBXBuildFile; fileRef = D0344A4BEE5A451B06959FC0 /* TripModel.swift */; };
		BBF73D5A8120351D15F7F325 /* NewExperience.swift in Sources */ = {isa = PBXBuildFile; fileRef = D509990DCB7FBBA3EAED023A /* NewExperience.swift */; };
		CC3C4781598B3B0CFFF09663 /* ExperienceModel.swift in Sources */ = {isa = PBXBuildFile; fileRef = 83718B34B9F7C226C5F0F003 /* ExperienceModel.swift */; };
		D344985B629C1A773D8E2BF3 /* Data+Extensions.swift in Sources */ = {isa = PBXBuildFile; fileRef = A769D5AA11EC9097678A567F /* Data+Extensions.swift */; };
		D362206B40083015AFC2DAF8 /* TravelApp.swift in Sources */ = {isa = PBXBuildFile; fileRef = 15B7C7BAE8C96ABB143BB3D9 /* TravelApp.swift */; };
		D8B710DA7883FC88CEFFBE6B /* UserProfileScreen.swift in Sources */ = {isa = PBXBuildFile; fileRef = 7677D09829A353A1576880F3 /* UserProfileScreen.swift */; };
		D9E2CA586C43936B73E88648 /* SectionHeaderView.swift in Sources */ = {isa = PBXBuildFile; fileRef = 72F024DEA58074539D4249AF /* SectionHeaderView.swift */; };
		DA28ED4333DB5C2B7E7C658E /* ToggleSettingView.swift in Sources */ = {isa = PBXBuildFile; fileRef = D6CDE9DFB3FA3237FDAB8A3D /* ToggleSettingView.swift */; };
		DA4DB48D2D2F722D5EFF9407 /* PatchUser.swift in Sources */ = {isa = PBXBuildFile; fileRef = 3D6DF27A32C1E6C30AB1485C /* PatchUser.swift */; };
		E1D97B9A0E139345C87EC237 /* LoginInputView.swift in Sources */ = {isa = PBXBuildFile; fileRef = 914EB34529ECA07D61C6586E /* LoginInputView.swift */; };
		E633AC4F19D0D1832A345AFA /* PostUser.swift in Sources */ = {isa = PBXBuildFile; fileRef = A25C1B108AEB71163B9BEF09 /* PostUser.swift */; };
		EAED9BEBA1F322890AC43B9F /* CreateInputView.swift in Sources */ = {isa = PBXBuildFile; fileRef = CC075E72EF087168F427FB1F /* CreateInputView.swift */; };
		EF2D9E8A4D726D028EC98B1E /* APIError.swift in Sources */ = {isa = PBXBuildFile; fileRef = 5634AEBE60B022C9ACF43369 /* APIError.swift */; };
		FC3DDB356805272295518FE0 /* APIConsts.swift in Sources */ = {isa = PBXBuildFile; fileRef = 24748CAA2099192E96B8F739 /* APIConsts.swift */; };
		FFAD2D7F6EA42DEF07B48ED9 /* SignUpScreen.swift in Sources */ = {isa = PBXBuildFile; fileRef = 48A41B1BF5E55A617DEBD4BB /* SignUpScreen.swift */; };
		FFCEF6E38AFCC365E38393E3 /* GoogleLoginButton.swift in Sources */ = {isa = PBXBuildFile; fileRef = FA90F8A43ACA7315C239EF20 /* GoogleLoginButton.swift */; };
/* End PBXBuildFile section */

/* Begin PBXFileReference section */
		00E66AFCD602EE3E9EFBC07B /* TripData.swift */ = {isa = PBXFileReference; lastKnownFileType = sourcecode.swift; path = TripData.swift; sourceTree = "<group>"; };
		05B4532C0D983B5975D6FF6E /* AuthController.swift */ = {isa = PBXFileReference; lastKnownFileType = sourcecode.swift; path = AuthController.swift; sourceTree = "<group>"; };
		0794116FF9435E931F6D20F8 /* ExperienceAPI.swift */ = {isa = PBXFileReference; lastKnownFileType = sourcecode.swift; path = ExperienceAPI.swift; sourceTree = "<group>"; };
		09C9020693F9667106B78344 /* TripDetailView.swift */ = {isa = PBXFileReference; lastKnownFileType = sourcecode.swift; path = TripDetailView.swift; sourceTree = "<group>"; };
		0D9A477ED766D05176F09A1A /* TripRowView.swift */ = {isa = PBXFileReference; lastKnownFileType = sourcecode.swift; path = TripRowView.swift; sourceTree = "<group>"; };
		0E17DA22FC474ACCA012498F /* SettingsScreen.swift */ = {isa = PBXFileReference; lastKnownFileType = sourcecode.swift; path = SettingsScreen.swift; sourceTree = "<group>"; };
		159EA6D81777DB77F7363C0B /* PublicProfileScreen.swift */ = {isa = PBXFileReference; lastKnownFileType = sourcecode.swift; path = PublicProfileScreen.swift; sourceTree = "<group>"; };
		15B7C7BAE8C96ABB143BB3D9 /* TravelApp.swift */ = {isa = PBXFileReference; lastKnownFileType = sourcecode.swift; path = TravelApp.swift; sourceTree = "<group>"; };
		24748CAA2099192E96B8F739 /* APIConsts.swift */ = {isa = PBXFileReference; lastKnownFileType = sourcecode.swift; path = APIConsts.swift; sourceTree = "<group>"; };
		2F9FA068D0C49DA59B5A066B /* SettingItem.swift */ = {isa = PBXFileReference; lastKnownFileType = sourcecode.swift; path = SettingItem.swift; sourceTree = "<group>"; };
		33CE8569AEE13D181BAAAAC5 /* TripEditView.swift */ = {isa = PBXFileReference; lastKnownFileType = sourcecode.swift; path = TripEditView.swift; sourceTree = "<group>"; };
		3D6DF27A32C1E6C30AB1485C /* PatchUser.swift */ = {isa = PBXFileReference; lastKnownFileType = sourcecode.swift; path = PatchUser.swift; sourceTree = "<group>"; };
		455EB2E417423C8120DF891A /* TripsAPI.swift */ = {isa = PBXFileReference; lastKnownFileType = sourcecode.swift; path = TripsAPI.swift; sourceTree = "<group>"; };
		48A41B1BF5E55A617DEBD4BB /* SignUpScreen.swift */ = {isa = PBXFileReference; lastKnownFileType = sourcecode.swift; path = SignUpScreen.swift; sourceTree = "<group>"; };
		4D0E696B9352AF409782442D /* AuthScreen.swift */ = {isa = PBXFileReference; lastKnownFileType = sourcecode.swift; path = AuthScreen.swift; sourceTree = "<group>"; };
		550B26008229C85FB8E5A744 /* tripData.json */ = {isa = PBXFileReference; lastKnownFileType = text.json; path = tripData.json; sourceTree = "<group>"; };
		5634AEBE60B022C9ACF43369 /* APIError.swift */ = {isa = PBXFileReference; lastKnownFileType = sourcecode.swift; path = APIError.swift; sourceTree = "<group>"; };
		5ED991A0D0E220C3323B9096 /* CreateExperienceScreen.swift */ = {isa = PBXFileReference; lastKnownFileType = sourcecode.swift; path = CreateExperienceScreen.swift; sourceTree = "<group>"; };
		6B450251EFE7A3BDE40846B4 /* ExperienceData.swift */ = {isa = PBXFileReference; lastKnownFileType = sourcecode.swift; path = ExperienceData.swift; sourceTree = "<group>"; };
		6EF00CD430AC70EBF23B3962 /* LoginScreen.swift */ = {isa = PBXFileReference; lastKnownFileType = sourcecode.swift; path = LoginScreen.swift; sourceTree = "<group>"; };
		72F024DEA58074539D4249AF /* SectionHeaderView.swift */ = {isa = PBXFileReference; lastKnownFileType = sourcecode.swift; path = SectionHeaderView.swift; sourceTree = "<group>"; };
		7622A71E0FB9F0E4E9E6B015 /* HomeScreen.swift */ = {isa = PBXFileReference; lastKnownFileType = sourcecode.swift; path = HomeScreen.swift; sourceTree = "<group>"; };
		7677D09829A353A1576880F3 /* UserProfileScreen.swift */ = {isa = PBXFileReference; lastKnownFileType = sourcecode.swift; path = UserProfileScreen.swift; sourceTree = "<group>"; };
		8029547FBB72FAD944C826DC /* ExperienceDetailView.swift */ = {isa = PBXFileReference; lastKnownFileType = sourcecode.swift; path = ExperienceDetailView.swift; sourceTree = "<group>"; };
		823B884054A84B085E1D96D4 /* AppleLoginButton.swift */ = {isa = PBXFileReference; lastKnownFileType = sourcecode.swift; path = AppleLoginButton.swift; sourceTree = "<group>"; };
		83718B34B9F7C226C5F0F003 /* ExperienceModel.swift */ = {isa = PBXFileReference; lastKnownFileType = sourcecode.swift; path = ExperienceModel.swift; sourceTree = "<group>"; };
		843E7832D51AF34A76D1526E /* GetUserByID.swift */ = {isa = PBXFileReference; lastKnownFileType = sourcecode.swift; path = GetUserByID.swift; sourceTree = "<group>"; };
		8A683D6EA0D55952FF624671 /* DeleteUser.swift */ = {isa = PBXFileReference; lastKnownFileType = sourcecode.swift; path = DeleteUser.swift; sourceTree = "<group>"; };
		8FB686820B284103652731AE /* ButtonSettingView.swift */ = {isa = PBXFileReference; lastKnownFileType = sourcecode.swift; path = ButtonSettingView.swift; sourceTree = "<group>"; };
		914EB34529ECA07D61C6586E /* LoginInputView.swift */ = {isa = PBXFileReference; lastKnownFileType = sourcecode.swift; path = LoginInputView.swift; sourceTree = "<group>"; };
		93D3DA0CCA8F85011B2312B1 /* UserProfile_HeaderView.swift */ = {isa = PBXFileReference; lastKnownFileType = sourcecode.swift; path = UserProfile_HeaderView.swift; sourceTree = "<group>"; };
		95753109620C58D42B396593 /* TripScreen.swift */ = {isa = PBXFileReference; lastKnownFileType = sourcecode.swift; path = TripScreen.swift; sourceTree = "<group>"; };
		95B53AC1DFA1C37FD2650AF5 /* ExperienceListView.swift */ = {isa = PBXFileReference; lastKnownFileType = sourcecode.swift; path = ExperienceListView.swift; sourceTree = "<group>"; };
		977325233787A38EF0316236 /* UserProfile_InfoFieldView.swift */ = {isa = PBXFileReference; lastKnownFileType = sourcecode.swift; path = UserProfile_InfoFieldView.swift; sourceTree = "<group>"; };
		A25C1B108AEB71163B9BEF09 /* PostUser.swift */ = {isa = PBXFileReference; lastKnownFileType = sourcecode.swift; path = PostUser.swift; sourceTree = "<group>"; };
		A769D5AA11EC9097678A567F /* Data+Extensions.swift */ = {isa = PBXFileReference; lastKnownFileType = sourcecode.swift; path = "Data+Extensions.swift"; sourceTree = "<group>"; };
		AB48538AB37FC62C55985542 /* TripListView.swift */ = {isa = PBXFileReference; lastKnownFileType = sourcecode.swift; path = TripListView.swift; sourceTree = "<group>"; };
		AC62523174A36621A21428A8 /* ExperienceScreen.swift */ = {isa = PBXFileReference; lastKnownFileType = sourcecode.swift; path = ExperienceScreen.swift; sourceTree = "<group>"; };
		B1F66E668DF74FF8A593321F /* Preview Assets.xcassets */ = {isa = PBXFileReference; lastKnownFileType = folder.assetcatalog; path = "Preview Assets.xcassets"; sourceTree = "<group>"; };
		C778728D103558695B681E4D /* API.swift */ = {isa = PBXFileReference; lastKnownFileType = sourcecode.swift; path = API.swift; sourceTree = "<group>"; };
		CC075E72EF087168F427FB1F /* CreateInputView.swift */ = {isa = PBXFileReference; lastKnownFileType = sourcecode.swift; path = CreateInputView.swift; sourceTree = "<group>"; };
		CE3F761B1F181C1CB71B7C94 /* TravelApp.app */ = {isa = PBXFileReference; includeInIndex = 0; lastKnownFileType = wrapper.application; path = TravelApp.app; sourceTree = BUILT_PRODUCTS_DIR; };
		CE94A7A42C31A805C7B9E043 /* EmailLoginButton.swift */ = {isa = PBXFileReference; lastKnownFileType = sourcecode.swift; path = EmailLoginButton.swift; sourceTree = "<group>"; };
		D0344A4BEE5A451B06959FC0 /* TripModel.swift */ = {isa = PBXFileReference; lastKnownFileType = sourcecode.swift; path = TripModel.swift; sourceTree = "<group>"; };
		D1B4CB69D84DD4378EE6275F /* experienceData.json */ = {isa = PBXFileReference; lastKnownFileType = text.json; path = experienceData.json; sourceTree = "<group>"; };
		D509990DCB7FBBA3EAED023A /* NewExperience.swift */ = {isa = PBXFileReference; lastKnownFileType = sourcecode.swift; path = NewExperience.swift; sourceTree = "<group>"; };
		D658378021A0CA995F13D210 /* ExperienceRowView.swift */ = {isa = PBXFileReference; lastKnownFileType = sourcecode.swift; path = ExperienceRowView.swift; sourceTree = "<group>"; };
		D6CDE9DFB3FA3237FDAB8A3D /* ToggleSettingView.swift */ = {isa = PBXFileReference; lastKnownFileType = sourcecode.swift; path = ToggleSettingView.swift; sourceTree = "<group>"; };
		D907B91574F62840491F783B /* Assets.xcassets */ = {isa = PBXFileReference; lastKnownFileType = folder.assetcatalog; path = Assets.xcassets; sourceTree = "<group>"; };
		E2CA143D8DBEDA90D474CE98 /* TripExperienceView.swift */ = {isa = PBXFileReference; lastKnownFileType = sourcecode.swift; path = TripExperienceView.swift; sourceTree = "<group>"; };
		E863B940DD31E400D56FA84C /* CreateTripScreen.swift */ = {isa = PBXFileReference; lastKnownFileType = sourcecode.swift; path = CreateTripScreen.swift; sourceTree = "<group>"; };
		EC49D9A8C6F77D35FCB122FF /* UserProfileModel.swift */ = {isa = PBXFileReference; lastKnownFileType = sourcecode.swift; path = UserProfileModel.swift; sourceTree = "<group>"; };
		FA90F8A43ACA7315C239EF20 /* GoogleLoginButton.swift */ = {isa = PBXFileReference; lastKnownFileType = sourcecode.swift; path = GoogleLoginButton.swift; sourceTree = "<group>"; };
/* End PBXFileReference section */

/* Begin PBXGroup section */
		0120F6C696477354F8CC899C /* Views */ = {
			isa = PBXGroup;
			children = (
				8FB686820B284103652731AE /* ButtonSettingView.swift */,
				72F024DEA58074539D4249AF /* SectionHeaderView.swift */,
				D6CDE9DFB3FA3237FDAB8A3D /* ToggleSettingView.swift */,
			);
			path = Views;
			sourceTree = "<group>";
		};
		11CE08512C45048CADCA01F1 /* PublicProfile */ = {
			isa = PBXGroup;
			children = (
				159EA6D81777DB77F7363C0B /* PublicProfileScreen.swift */,
			);
			path = PublicProfile;
			sourceTree = "<group>";
		};
		120738137C0E76EF9A7B2F50 /* Trips */ = {
			isa = PBXGroup;
			children = (
				455EB2E417423C8120DF891A /* TripsAPI.swift */,
				8CB1B3FD78245174FDEC5081 /* Models */,
				A5074D2EAF6B886FCF76AE93 /* Screens */,
				BC286A9FECB0F0C1842E3E3A /* Views */,
			);
			path = Trips;
			sourceTree = "<group>";
		};
		26B1C3E0A02BB3A5F7D0F37B /* API */ = {
			isa = PBXGroup;
			children = (
				C778728D103558695B681E4D /* API.swift */,
				24748CAA2099192E96B8F739 /* APIConsts.swift */,
				5634AEBE60B022C9ACF43369 /* APIError.swift */,
				B66B60F4B4FA82862087141F /* Models */,
			);
			path = API;
			sourceTree = "<group>";
		};
		2E767593E7DE80A22D15C999 /* UserProfile */ = {
			isa = PBXGroup;
			children = (
				DC9404BFF91545843127963A /* Models */,
				34DCD9BCD4F38C99B78A20BE /* Screens */,
				64DB1EB17D4F4DF1DE23BB46 /* Views */,
			);
			path = UserProfile;
			sourceTree = "<group>";
		};
		30345DD2244C5FADF838E5E9 /* Screens */ = {
			isa = PBXGroup;
			children = (
				0E17DA22FC474ACCA012498F /* SettingsScreen.swift */,
			);
			path = Screens;
			sourceTree = "<group>";
		};
		34DCD9BCD4F38C99B78A20BE /* Screens */ = {
			isa = PBXGroup;
			children = (
				7677D09829A353A1576880F3 /* UserProfileScreen.swift */,
			);
			path = Screens;
			sourceTree = "<group>";
		};
		3FFDC10ADF0CA0687EC15A51 /* Preview Content */ = {
			isa = PBXGroup;
			children = (
				B1F66E668DF74FF8A593321F /* Preview Assets.xcassets */,
			);
			path = "Preview Content";
			sourceTree = "<group>";
		};
		4789370107901C9705C02CDF /* Models */ = {
			isa = PBXGroup;
			children = (
				2F9FA068D0C49DA59B5A066B /* SettingItem.swift */,
			);
			path = Models;
			sourceTree = "<group>";
		};
		5E837061480CFFEC230A1CA4 /* Views */ = {
			isa = PBXGroup;
			children = (
				8029547FBB72FAD944C826DC /* ExperienceDetailView.swift */,
				95B53AC1DFA1C37FD2650AF5 /* ExperienceListView.swift */,
				D658378021A0CA995F13D210 /* ExperienceRowView.swift */,
			);
			path = Views;
			sourceTree = "<group>";
		};
		5EA8ECF9C80C7A40D30E9581 /* Features */ = {
			isa = PBXGroup;
			children = (
				A6169A10AE488D15AFD772EB /* Auth */,
				F113079DFA918C48B38498A5 /* Experiences */,
				11CE08512C45048CADCA01F1 /* PublicProfile */,
				120738137C0E76EF9A7B2F50 /* Trips */,
				2E767593E7DE80A22D15C999 /* UserProfile */,
				EFE7F572A5C38D59572425A5 /* UserSettings */,
			);
			path = Features;
			sourceTree = "<group>";
		};
		64DB1EB17D4F4DF1DE23BB46 /* Views */ = {
			isa = PBXGroup;
			children = (
				93D3DA0CCA8F85011B2312B1 /* UserProfile_HeaderView.swift */,
				977325233787A38EF0316236 /* UserProfile_InfoFieldView.swift */,
			);
			path = Views;
			sourceTree = "<group>";
		};
		714DF5AE6CD7FC56D7400FAB /* User */ = {
			isa = PBXGroup;
			children = (
				8A683D6EA0D55952FF624671 /* DeleteUser.swift */,
				843E7832D51AF34A76D1526E /* GetUserByID.swift */,
				3D6DF27A32C1E6C30AB1485C /* PatchUser.swift */,
				A25C1B108AEB71163B9BEF09 /* PostUser.swift */,
			);
			path = User;
			sourceTree = "<group>";
		};
		85610892901C25759C4EC424 /* Products */ = {
			isa = PBXGroup;
			children = (
				CE3F761B1F181C1CB71B7C94 /* TravelApp.app */,
			);
			name = Products;
			sourceTree = "<group>";
		};
		8CB1B3FD78245174FDEC5081 /* Models */ = {
			isa = PBXGroup;
			children = (
				550B26008229C85FB8E5A744 /* tripData.json */,
				00E66AFCD602EE3E9EFBC07B /* TripData.swift */,
				D0344A4BEE5A451B06959FC0 /* TripModel.swift */,
			);
			path = Models;
			sourceTree = "<group>";
		};
		A315F6E1BAEABED7B842FDE6 = {
			isa = PBXGroup;
			children = (
				A69F0D449835C8958862B6D2 /* Sources */,
				85610892901C25759C4EC424 /* Products */,
			);
			sourceTree = "<group>";
		};
		A5074D2EAF6B886FCF76AE93 /* Screens */ = {
			isa = PBXGroup;
			children = (
				E863B940DD31E400D56FA84C /* CreateTripScreen.swift */,
				95753109620C58D42B396593 /* TripScreen.swift */,
			);
			path = Screens;
			sourceTree = "<group>";
		};
		A6169A10AE488D15AFD772EB /* Auth */ = {
			isa = PBXGroup;
			children = (
				05B4532C0D983B5975D6FF6E /* AuthController.swift */,
				ABF4BD35A4054D94AECA7639 /* Screens */,
				EAFA9C416866BEFBA906B02E /* Views */,
			);
			path = Auth;
			sourceTree = "<group>";
		};
		A69F0D449835C8958862B6D2 /* Sources */ = {
			isa = PBXGroup;
			children = (
				D907B91574F62840491F783B /* Assets.xcassets */,
				A769D5AA11EC9097678A567F /* Data+Extensions.swift */,
				D1B4CB69D84DD4378EE6275F /* experienceData.json */,
				7622A71E0FB9F0E4E9E6B015 /* HomeScreen.swift */,
				15B7C7BAE8C96ABB143BB3D9 /* TravelApp.swift */,
				26B1C3E0A02BB3A5F7D0F37B /* API */,
				5EA8ECF9C80C7A40D30E9581 /* Features */,
				3FFDC10ADF0CA0687EC15A51 /* Preview Content */,
			);
			name = Sources;
			path = TravelApp/Sources;
			sourceTree = "<group>";
		};
		ABF4BD35A4054D94AECA7639 /* Screens */ = {
			isa = PBXGroup;
			children = (
				4D0E696B9352AF409782442D /* AuthScreen.swift */,
				6EF00CD430AC70EBF23B3962 /* LoginScreen.swift */,
				48A41B1BF5E55A617DEBD4BB /* SignUpScreen.swift */,
			);
			path = Screens;
			sourceTree = "<group>";
		};
		B66B60F4B4FA82862087141F /* Models */ = {
			isa = PBXGroup;
			children = (
				714DF5AE6CD7FC56D7400FAB /* User */,
			);
			path = Models;
			sourceTree = "<group>";
		};
		BC286A9FECB0F0C1842E3E3A /* Views */ = {
			isa = PBXGroup;
			children = (
				09C9020693F9667106B78344 /* TripDetailView.swift */,
				33CE8569AEE13D181BAAAAC5 /* TripEditView.swift */,
				E2CA143D8DBEDA90D474CE98 /* TripExperienceView.swift */,
				AB48538AB37FC62C55985542 /* TripListView.swift */,
				0D9A477ED766D05176F09A1A /* TripRowView.swift */,
			);
			path = Views;
			sourceTree = "<group>";
		};
		BF12D9241BE4331B168E4A1A /* Models */ = {
			isa = PBXGroup;
			children = (
				6B450251EFE7A3BDE40846B4 /* ExperienceData.swift */,
				83718B34B9F7C226C5F0F003 /* ExperienceModel.swift */,
				D509990DCB7FBBA3EAED023A /* NewExperience.swift */,
			);
			path = Models;
			sourceTree = "<group>";
		};
		DC9404BFF91545843127963A /* Models */ = {
			isa = PBXGroup;
			children = (
				EC49D9A8C6F77D35FCB122FF /* UserProfileModel.swift */,
			);
			path = Models;
			sourceTree = "<group>";
		};
		EAFA9C416866BEFBA906B02E /* Views */ = {
			isa = PBXGroup;
			children = (
				823B884054A84B085E1D96D4 /* AppleLoginButton.swift */,
				CE94A7A42C31A805C7B9E043 /* EmailLoginButton.swift */,
				FA90F8A43ACA7315C239EF20 /* GoogleLoginButton.swift */,
				914EB34529ECA07D61C6586E /* LoginInputView.swift */,
			);
			path = Views;
			sourceTree = "<group>";
		};
		EFE7F572A5C38D59572425A5 /* UserSettings */ = {
			isa = PBXGroup;
			children = (
				4789370107901C9705C02CDF /* Models */,
				30345DD2244C5FADF838E5E9 /* Screens */,
				0120F6C696477354F8CC899C /* Views */,
			);
			path = UserSettings;
			sourceTree = "<group>";
		};
		F113079DFA918C48B38498A5 /* Experiences */ = {
			isa = PBXGroup;
			children = (
				5ED991A0D0E220C3323B9096 /* CreateExperienceScreen.swift */,
				CC075E72EF087168F427FB1F /* CreateInputView.swift */,
				0794116FF9435E931F6D20F8 /* ExperienceAPI.swift */,
				AC62523174A36621A21428A8 /* ExperienceScreen.swift */,
				BF12D9241BE4331B168E4A1A /* Models */,
				5E837061480CFFEC230A1CA4 /* Views */,
			);
			path = Experiences;
			sourceTree = "<group>";
		};
/* End PBXGroup section */

/* Begin PBXNativeTarget section */
		61043DDAB339B4F787C0991C /* TravelApp */ = {
			isa = PBXNativeTarget;
			buildConfigurationList = 75EF2A408579CAD82DFDB50F /* Build configuration list for PBXNativeTarget "TravelApp" */;
			buildPhases = (
				17D0488D74DC36ABDFD3DBF8 /* Sources */,
				B3320B6CDE8C2172E6A9B6FC /* Resources */,
			);
			buildRules = (
			);
			dependencies = (
			);
			name = TravelApp;
			productName = TravelApp;
			productReference = CE3F761B1F181C1CB71B7C94 /* TravelApp.app */;
			productType = "com.apple.product-type.application";
		};
/* End PBXNativeTarget section */

/* Begin PBXProject section */
		2C11BC16AB02783632A15EB1 /* Project object */ = {
			isa = PBXProject;
			attributes = {
				BuildIndependentTargetsInParallel = YES;
				LastUpgradeCheck = 1430;
				TargetAttributes = {
				};
			};
			buildConfigurationList = BB52133C686FCCDE82EC02D2 /* Build configuration list for PBXProject "TravelApp" */;
			compatibilityVersion = "Xcode 14.0";
			developmentRegion = en;
			hasScannedForEncodings = 0;
			knownRegions = (
				Base,
				en,
			);
			mainGroup = A315F6E1BAEABED7B842FDE6;
			projectDirPath = "";
			projectRoot = "";
			targets = (
				61043DDAB339B4F787C0991C /* TravelApp */,
			);
		};
/* End PBXProject section */

/* Begin PBXResourcesBuildPhase section */
		B3320B6CDE8C2172E6A9B6FC /* Resources */ = {
			isa = PBXResourcesBuildPhase;
			buildActionMask = 2147483647;
			files = (
				A58C1DE919F16A68A7260109 /* Assets.xcassets in Resources */,
				9804F6646857D1B6D65A0893 /* Preview Assets.xcassets in Resources */,
				2E2100B61A38DCC61E728389 /* experienceData.json in Resources */,
				816F575BB41AC2050498D9F3 /* tripData.json in Resources */,
			);
			runOnlyForDeploymentPostprocessing = 0;
		};
/* End PBXResourcesBuildPhase section */

/* Begin PBXSourcesBuildPhase section */
		17D0488D74DC36ABDFD3DBF8 /* Sources */ = {
			isa = PBXSourcesBuildPhase;
			buildActionMask = 2147483647;
			files = (
				43B8C6CAD68D56DA0EA84786 /* API.swift in Sources */,
				FC3DDB356805272295518FE0 /* APIConsts.swift in Sources */,
				EF2D9E8A4D726D028EC98B1E /* APIError.swift in Sources */,
				72709FBEC83B64B1CB47BDA4 /* AppleLoginButton.swift in Sources */,
				4B64BDED7F83F521E7537144 /* AuthController.swift in Sources */,
				884D7D6ADD967890F80AF3B1 /* AuthScreen.swift in Sources */,
				0753349E417C053D867CD21F /* ButtonSettingView.swift in Sources */,
				275EDEFD644DB7FED301D3BC /* CreateExperienceScreen.swift in Sources */,
				EAED9BEBA1F322890AC43B9F /* CreateInputView.swift in Sources */,
				2FC104BC0325C5E61AAB6C77 /* CreateTripScreen.swift in Sources */,
				D344985B629C1A773D8E2BF3 /* Data+Extensions.swift in Sources */,
				3FE25D34DF881B0FD7F85290 /* DeleteUser.swift in Sources */,
				1B2DEB7245C6DCB48B7C7AE3 /* EmailLoginButton.swift in Sources */,
				A81E4B58B8560002C476AF5E /* ExperienceAPI.swift in Sources */,
				87B97A60E76AEEEFAE159047 /* ExperienceData.swift in Sources */,
				9C55C22C5F276BE17CC368A4 /* ExperienceDetailView.swift in Sources */,
				3C159A578230A6E9F3A6B170 /* ExperienceListView.swift in Sources */,
				CC3C4781598B3B0CFFF09663 /* ExperienceModel.swift in Sources */,
				4386BC25E9366EBE425FDDBB /* ExperienceRowView.swift in Sources */,
				141AD0B28190F47AC9F207C1 /* ExperienceScreen.swift in Sources */,
				22B66D4F00E86037D7AD0479 /* GetUserByID.swift in Sources */,
				FFCEF6E38AFCC365E38393E3 /* GoogleLoginButton.swift in Sources */,
				6B46749F4103D4096FCDE6F4 /* HomeScreen.swift in Sources */,
				E1D97B9A0E139345C87EC237 /* LoginInputView.swift in Sources */,
				66EA955920BCBCF8CA48B612 /* LoginScreen.swift in Sources */,
				BBF73D5A8120351D15F7F325 /* NewExperience.swift in Sources */,
				DA4DB48D2D2F722D5EFF9407 /* PatchUser.swift in Sources */,
				E633AC4F19D0D1832A345AFA /* PostUser.swift in Sources */,
				4C8FC6992E6C6DAB0223116A /* PublicProfileScreen.swift in Sources */,
				D9E2CA586C43936B73E88648 /* SectionHeaderView.swift in Sources */,
				98857172292C545937AB3A4B /* SettingItem.swift in Sources */,
				4CCFF48A6BD6AB9F6EA501A0 /* SettingsScreen.swift in Sources */,
				FFAD2D7F6EA42DEF07B48ED9 /* SignUpScreen.swift in Sources */,
				DA28ED4333DB5C2B7E7C658E /* ToggleSettingView.swift in Sources */,
				D362206B40083015AFC2DAF8 /* TravelApp.swift in Sources */,
				52A3FC3374F202BD96EF0B16 /* TripData.swift in Sources */,
				7038FC6667DA324990A7D1D6 /* TripDetailView.swift in Sources */,
				41CC9F10F4D51EBA1C3BB783 /* TripEditView.swift in Sources */,
				7CB564A2CF255BC6D93E8DF1 /* TripExperienceView.swift in Sources */,
				2B38E2C81AAC6C363C179086 /* TripListView.swift in Sources */,
				B21F7D174E53A53570A9F639 /* TripModel.swift in Sources */,
				33970C2C4FC60AE571AB7FA1 /* TripRowView.swift in Sources */,
				32A10C5C1D0E9F464BD9D61F /* TripScreen.swift in Sources */,
				7F68E74D5213C7850F92CED0 /* TripsAPI.swift in Sources */,
				75B02D83CE85E8B0D844D2D8 /* UserProfileModel.swift in Sources */,
				D8B710DA7883FC88CEFFBE6B /* UserProfileScreen.swift in Sources */,
				03F1891A4F2B5623C247FDAB /* UserProfile_HeaderView.swift in Sources */,
				6AB54F8EC3BE2DEA165E7A52 /* UserProfile_InfoFieldView.swift in Sources */,
			);
			runOnlyForDeploymentPostprocessing = 0;
		};
/* End PBXSourcesBuildPhase section */

/* Begin XCBuildConfiguration section */
		1309DF9156D6CB7C229E2939 /* Debug */ = {
			isa = XCBuildConfiguration;
			buildSettings = {
				ALWAYS_SEARCH_USER_PATHS = NO;
				CLANG_ANALYZER_NONNULL = YES;
				CLANG_ANALYZER_NUMBER_OBJECT_CONVERSION = YES_AGGRESSIVE;
				CLANG_CXX_LANGUAGE_STANDARD = "gnu++14";
				CLANG_CXX_LIBRARY = "libc++";
				CLANG_ENABLE_MODULES = YES;
				CLANG_ENABLE_OBJC_ARC = YES;
				CLANG_ENABLE_OBJC_WEAK = YES;
				CLANG_WARN_BLOCK_CAPTURE_AUTORELEASING = YES;
				CLANG_WARN_BOOL_CONVERSION = YES;
				CLANG_WARN_COMMA = YES;
				CLANG_WARN_CONSTANT_CONVERSION = YES;
				CLANG_WARN_DEPRECATED_OBJC_IMPLEMENTATIONS = YES;
				CLANG_WARN_DIRECT_OBJC_ISA_USAGE = YES_ERROR;
				CLANG_WARN_DOCUMENTATION_COMMENTS = YES;
				CLANG_WARN_EMPTY_BODY = YES;
				CLANG_WARN_ENUM_CONVERSION = YES;
				CLANG_WARN_INFINITE_RECURSION = YES;
				CLANG_WARN_INT_CONVERSION = YES;
				CLANG_WARN_NON_LITERAL_NULL_CONVERSION = YES;
				CLANG_WARN_OBJC_IMPLICIT_RETAIN_SELF = YES;
				CLANG_WARN_OBJC_LITERAL_CONVERSION = YES;
				CLANG_WARN_OBJC_ROOT_CLASS = YES_ERROR;
				CLANG_WARN_QUOTED_INCLUDE_IN_FRAMEWORK_HEADER = YES;
				CLANG_WARN_RANGE_LOOP_ANALYSIS = YES;
				CLANG_WARN_STRICT_PROTOTYPES = YES;
				CLANG_WARN_SUSPICIOUS_MOVE = YES;
				CLANG_WARN_UNGUARDED_AVAILABILITY = YES_AGGRESSIVE;
				CLANG_WARN_UNREACHABLE_CODE = YES;
				CLANG_WARN__DUPLICATE_METHOD_MATCH = YES;
				COPY_PHASE_STRIP = NO;
				DEBUG_INFORMATION_FORMAT = dwarf;
				ENABLE_STRICT_OBJC_MSGSEND = YES;
				ENABLE_TESTABILITY = YES;
				GCC_C_LANGUAGE_STANDARD = gnu11;
				GCC_DYNAMIC_NO_PIC = NO;
				GCC_NO_COMMON_BLOCKS = YES;
				GCC_OPTIMIZATION_LEVEL = 0;
				GCC_PREPROCESSOR_DEFINITIONS = (
					"$(inherited)",
					"DEBUG=1",
				);
				GCC_WARN_64_TO_32_BIT_CONVERSION = YES;
				GCC_WARN_ABOUT_RETURN_TYPE = YES_ERROR;
				GCC_WARN_UNDECLARED_SELECTOR = YES;
				GCC_WARN_UNINITIALIZED_AUTOS = YES_AGGRESSIVE;
				GCC_WARN_UNUSED_FUNCTION = YES;
				GCC_WARN_UNUSED_VARIABLE = YES;
				INFOPLIST_FILE = Info.plist;
				MTL_ENABLE_DEBUG_INFO = INCLUDE_SOURCE;
				MTL_FAST_MATH = YES;
				ONLY_ACTIVE_ARCH = YES;
				PRODUCT_NAME = "$(TARGET_NAME)";
				SDKROOT = iphoneos;
				SWIFT_ACTIVE_COMPILATION_CONDITIONS = DEBUG;
				SWIFT_OPTIMIZATION_LEVEL = "-Onone";
				SWIFT_VERSION = 5.0;
			};
			name = Debug;
		};
		16BB5AF90BB248835C281A5F /* Release */ = {
			isa = XCBuildConfiguration;
			buildSettings = {
				ASSETCATALOG_COMPILER_APPICON_NAME = AppIcon;
				CODE_SIGN_IDENTITY = "iPhone Developer";
				INFOPLIST_FILE = Info.plist;
				IPHONEOS_DEPLOYMENT_TARGET = 17.0;
				LD_RUNPATH_SEARCH_PATHS = (
					"$(inherited)",
					"@executable_path/Frameworks",
				);
				PRODUCT_BUNDLE_IDENTIFIER = edu.osu.TravelApp;
				SDKROOT = iphoneos;
				TARGETED_DEVICE_FAMILY = "1,2";
			};
			name = Release;
		};
		4C9382BA6545B23C1DA9CD33 /* Release */ = {
			isa = XCBuildConfiguration;
			buildSettings = {
				ALWAYS_SEARCH_USER_PATHS = NO;
				CLANG_ANALYZER_NONNULL = YES;
				CLANG_ANALYZER_NUMBER_OBJECT_CONVERSION = YES_AGGRESSIVE;
				CLANG_CXX_LANGUAGE_STANDARD = "gnu++14";
				CLANG_CXX_LIBRARY = "libc++";
				CLANG_ENABLE_MODULES = YES;
				CLANG_ENABLE_OBJC_ARC = YES;
				CLANG_ENABLE_OBJC_WEAK = YES;
				CLANG_WARN_BLOCK_CAPTURE_AUTORELEASING = YES;
				CLANG_WARN_BOOL_CONVERSION = YES;
				CLANG_WARN_COMMA = YES;
				CLANG_WARN_CONSTANT_CONVERSION = YES;
				CLANG_WARN_DEPRECATED_OBJC_IMPLEMENTATIONS = YES;
				CLANG_WARN_DIRECT_OBJC_ISA_USAGE = YES_ERROR;
				CLANG_WARN_DOCUMENTATION_COMMENTS = YES;
				CLANG_WARN_EMPTY_BODY = YES;
				CLANG_WARN_ENUM_CONVERSION = YES;
				CLANG_WARN_INFINITE_RECURSION = YES;
				CLANG_WARN_INT_CONVERSION = YES;
				CLANG_WARN_NON_LITERAL_NULL_CONVERSION = YES;
				CLANG_WARN_OBJC_IMPLICIT_RETAIN_SELF = YES;
				CLANG_WARN_OBJC_LITERAL_CONVERSION = YES;
				CLANG_WARN_OBJC_ROOT_CLASS = YES_ERROR;
				CLANG_WARN_QUOTED_INCLUDE_IN_FRAMEWORK_HEADER = YES;
				CLANG_WARN_RANGE_LOOP_ANALYSIS = YES;
				CLANG_WARN_STRICT_PROTOTYPES = YES;
				CLANG_WARN_SUSPICIOUS_MOVE = YES;
				CLANG_WARN_UNGUARDED_AVAILABILITY = YES_AGGRESSIVE;
				CLANG_WARN_UNREACHABLE_CODE = YES;
				CLANG_WARN__DUPLICATE_METHOD_MATCH = YES;
				COPY_PHASE_STRIP = NO;
				DEBUG_INFORMATION_FORMAT = "dwarf-with-dsym";
				ENABLE_NS_ASSERTIONS = NO;
				ENABLE_STRICT_OBJC_MSGSEND = YES;
				GCC_C_LANGUAGE_STANDARD = gnu11;
				GCC_NO_COMMON_BLOCKS = YES;
				GCC_WARN_64_TO_32_BIT_CONVERSION = YES;
				GCC_WARN_ABOUT_RETURN_TYPE = YES_ERROR;
				GCC_WARN_UNDECLARED_SELECTOR = YES;
				GCC_WARN_UNINITIALIZED_AUTOS = YES_AGGRESSIVE;
				GCC_WARN_UNUSED_FUNCTION = YES;
				GCC_WARN_UNUSED_VARIABLE = YES;
				INFOPLIST_FILE = Info.plist;
				MTL_ENABLE_DEBUG_INFO = NO;
				MTL_FAST_MATH = YES;
				PRODUCT_NAME = "$(TARGET_NAME)";
				SDKROOT = iphoneos;
				SWIFT_COMPILATION_MODE = wholemodule;
				SWIFT_OPTIMIZATION_LEVEL = "-O";
				SWIFT_VERSION = 5.0;
			};
			name = Release;
		};
		906DEF4B1D3A0C4B96F535EB /* Debug */ = {
			isa = XCBuildConfiguration;
			buildSettings = {
				ASSETCATALOG_COMPILER_APPICON_NAME = AppIcon;
				CODE_SIGN_IDENTITY = "iPhone Developer";
				INFOPLIST_FILE = Info.plist;
				IPHONEOS_DEPLOYMENT_TARGET = 17.0;
				LD_RUNPATH_SEARCH_PATHS = (
					"$(inherited)",
					"@executable_path/Frameworks",
				);
				PRODUCT_BUNDLE_IDENTIFIER = edu.osu.TravelApp;
				SDKROOT = iphoneos;
				TARGETED_DEVICE_FAMILY = "1,2";
			};
			name = Debug;
		};
/* End XCBuildConfiguration section */

/* Begin XCConfigurationList section */
		75EF2A408579CAD82DFDB50F /* Build configuration list for PBXNativeTarget "TravelApp" */ = {
			isa = XCConfigurationList;
			buildConfigurations = (
				906DEF4B1D3A0C4B96F535EB /* Debug */,
				16BB5AF90BB248835C281A5F /* Release */,
			);
			defaultConfigurationIsVisible = 0;
			defaultConfigurationName = Debug;
		};
		BB52133C686FCCDE82EC02D2 /* Build configuration list for PBXProject "TravelApp" */ = {
			isa = XCConfigurationList;
			buildConfigurations = (
				1309DF9156D6CB7C229E2939 /* Debug */,
				4C9382BA6545B23C1DA9CD33 /* Release */,
			);
			defaultConfigurationIsVisible = 0;
			defaultConfigurationName = Debug;
		};
/* End XCConfigurationList section */
	};
	rootObject = 2C11BC16AB02783632A15EB1 /* Project object */;
}
